
Microsoft Visual Studio Solution File, Format Version 12.00
# Visual Studio Version 16
VisualStudioVersion = 16.0.30907.101
MinimumVisualStudioVersion = 10.0.40219.1
Project("{FAE04EC0-301F-11D3-BF4B-00C04F79EFBC}") = "StudentManagement", "StudentManagement\StudentManagement.csproj", "{CAF09A78-7720-4652-A87D-6F81B2C709F8}"
EndProject
Global
	GlobalSection(SolutionConfigurationPlatforms) = preSolution
		Debug|Any CPU = Debug|Any CPU
		Release|Any CPU = Release|Any CPU
	EndGlobalSection
	GlobalSection(ProjectConfigurationPlatforms) = postSolution
		{CAF09A78-7720-4652-A87D-6F81B2C709F8}.Debug|Any CPU.ActiveCfg = Debug|Any CPU
		{CAF09A78-7720-4652-A87D-6F81B2C709F8}.Debug|Any CPU.Build.0 = Debug|Any CPU
		{CAF09A78-7720-4652-A87D-6F81B2C709F8}.Release|Any CPU.ActiveCfg = Release|Any CPU
		{CAF09A78-7720-4652-A87D-6F81B2C709F8}.Release|Any CPU.Build.0 = Release|Any CPU
	EndGlobalSection
	GlobalSection(SolutionProperties) = preSolution
		HideSolutionNode = FALSE
	EndGlobalSection
	GlobalSection(ExtensibilityGlobals) = postSolution
		SolutionGuid = {7CD057F5-F759-492D-84A2-DC1661DDF122}
	EndGlobalSection
EndGlobal
